
Microsoft Visual Studio Solution File, Format Version 12.00
# Visual Studio 15
VisualStudioVersion = 15.0.27004.2005
MinimumVisualStudioVersion = 10.0.40219.1
Project("{FAE04EC0-301F-11D3-BF4B-00C04F79EFBC}") = "Web", "Web\Web.csproj", "{17F8A176-4E08-4188-8A70-42ED1E3C79CB}"
EndProject
Project("{FAE04EC0-301F-11D3-BF4B-00C04F79EFBC}") = "Core", "Core\Core.csproj", "{1806233A-CA60-437A-892B-120477EB1F09}"
EndProject
Global
	GlobalSection(SolutionConfigurationPlatforms) = preSolution
		Debug|Any CPU = Debug|Any CPU
		Release|Any CPU = Release|Any CPU
	EndGlobalSection
	GlobalSection(ProjectConfigurationPlatforms) = postSolution
		{17F8A176-4E08-4188-8A70-42ED1E3C79CB}.Debug|Any CPU.ActiveCfg = Debug|Any CPU
		{17F8A176-4E08-4188-8A70-42ED1E3C79CB}.Debug|Any CPU.Build.0 = Debug|Any CPU
		{17F8A176-4E08-4188-8A70-42ED1E3C79CB}.Release|Any CPU.ActiveCfg = Release|Any CPU
		{17F8A176-4E08-4188-8A70-42ED1E3C79CB}.Release|Any CPU.Build.0 = Release|Any CPU
		{1806233A-CA60-437A-892B-120477EB1F09}.Debug|Any CPU.ActiveCfg = Debug|Any CPU
		{1806233A-CA60-437A-892B-120477EB1F09}.Debug|Any CPU.Build.0 = Debug|Any CPU
		{1806233A-CA60-437A-892B-120477EB1F09}.Release|Any CPU.ActiveCfg = Release|Any CPU
		{1806233A-CA60-437A-892B-120477EB1F09}.Release|Any CPU.Build.0 = Release|Any CPU
	EndGlobalSection
	GlobalSection(SolutionProperties) = preSolution
		HideSolutionNode = FALSE
	EndGlobalSection
	GlobalSection(ExtensibilityGlobals) = postSolution
		SolutionGuid = {28C493F5-F02F-404E-A445-598C6738ABCF}
	EndGlobalSection
EndGlobal
